{
  "version": 4,
  "terraform_version": "1.10.5",
  "serial": 27,
  "lineage": "a5e030c9-0aac-989a-18a6-617729b2218a",
  "outputs": {},
  "resources": [
    {
      "mode": "data",
      "type": "grafana_data_source",
      "name": "existing",
      "provider": "provider[\"registry.terraform.io/grafana/grafana\"]",
      "instances": [
        {
          "schema_version": 0,
          "attributes": {
            "access_mode": "proxy",
            "basic_auth_enabled": false,
            "basic_auth_username": "",
            "database_name": "",
            "id": "1:aeghz0vps3if4b",
            "is_default": true,
            "json_data_encoded": "{\"httpMethod\":\"POST\"}",
            "name": "prometheus",
            "org_id": "1",
            "private_data_source_connect_network_id": null,
            "type": "prometheus",
            "uid": "aeghz0vps3if4b",
            "url": "http://localhost:9090",
            "username": ""
          },
          "sensitive_attributes": []
        }
      ]
    },
    {
      "mode": "managed",
      "type": "grafana_contact_point",
      "name": "slack",
      "provider": "provider[\"registry.terraform.io/grafana/grafana\"]",
      "instances": [
        {
          "schema_version": 0,
          "attributes": {
            "alertmanager": [],
            "dingding": [],
            "disable_provenance": false,
            "discord": [],
            "email": [],
            "googlechat": [],
            "id": "0:Slack Notifications",
            "kafka": [],
            "line": [],
            "name": "Slack Notifications",
            "oncall": [],
            "opsgenie": [],
            "org_id": "0",
            "pagerduty": [],
            "pushover": [],
            "sensugo": [],
            "slack": [
              {
                "color": "",
                "disable_resolve_message": false,
                "endpoint_url": "",
                "icon_emoji": "",
                "icon_url": "",
                "mention_channel": "",
                "mention_groups": "",
                "mention_users": "",
                "recipient": "#alert-test",
                "settings": {},
                "text": "",
                "title": "",
                "token": "",
                "uid": "begibola71blsc",
                "url": "https://hooks.slack.com/services/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 ",
                "username": ""
              }
            ],
            "sns": [],
            "teams": [],
            "telegram": [],
            "threema": [],
            "victorops": [],
            "webex": [],
            "webhook": [],
            "wecom": []
          },
          "sensitive_attributes": [
            [
              {
                "type": "get_attr",
                "value": "slack"
              }
            ]
          ],
          "private": "bnVsbA=="
        }
      ]
    },
    {
      "mode": "managed",
      "type": "grafana_folder",
      "name": "alert_folder",
      "provider": "provider[\"registry.terraform.io/grafana/grafana\"]",
      "instances": [
        {
          "schema_version": 0,
          "attributes": {
            "id": "0:degibol7a5l34a",
            "org_id": "0",
            "parent_folder_uid": "",
            "prevent_destroy_if_not_empty": false,
            "title": "EC2 Alerts",
            "uid": "degibol7a5l34a",
            "url": "http://54.87.194.143:3000/dashboards/f/degibol7a5l34a/ec2-alerts"
          },
          "sensitive_attributes": [],
          "private": "bnVsbA=="
        }
      ]
    },
    {
      "mode": "managed",
      "type": "grafana_notification_policy",
      "name": "slack_policy",
      "provider": "provider[\"registry.terraform.io/grafana/grafana\"]",
      "instances": [
        {
          "schema_version": 0,
          "attributes": {
            "contact_point": "Slack Notifications",
            "disable_provenance": false,
            "group_by": [
              "alertname"
            ],
            "group_interval": "5m",
            "group_wait": "30s",
            "id": "0:policy",
            "org_id": "0",
            "policy": [
              {
                "contact_point": "",
                "continue": false,
                "group_by": null,
                "group_interval": "",
                "group_wait": "",
                "matcher": [
                  {
                    "label": "alertname",
                    "match": "=~",
                    "value": ".*"
                  }
                ],
                "mute_timings": null,
                "policy": [],
                "repeat_interval": ""
              }
            ],
            "repeat_interval": "4h"
          },
          "sensitive_attributes": [],
          "private": "bnVsbA==",
          "dependencies": [
            "grafana_contact_point.slack"
          ]
        }
      ]
    },
    {
      "mode": "managed",
      "type": "grafana_rule_group",
      "name": "ec2_alert_rules",
      "provider": "provider[\"registry.terraform.io/grafana/grafana\"]",
      "instances": [
        {
          "schema_version": 0,
          "attributes": {
            "disable_provenance": false,
            "folder_uid": "degibol7a5l34a",
            "id": "0:degibol7a5l34a:EC2 Alert Rules",
            "interval_seconds": 60,
            "name": "EC2 Alert Rules",
            "org_id": "1",
            "rule": [
              {
                "annotations": null,
                "condition": "C",
                "data": [
                  {
                    "datasource_uid": "aeghz0vps3if4b",
                    "model": "{\"expr\":\"(1 - avg by (instance) (rate(node_cpu_seconds_total{mode=\\\"idle\\\"}[5m]))) * 100\",\"refId\":\"A\"}",
                    "query_type": "",
                    "ref_id": "A",
                    "relative_time_range": [
                      {
                        "from": 600,
                        "to": 0
                      }
                    ]
                  },
                  {
                    "datasource_uid": "__expr__",
                    "model": "{\"expression\":\"A\",\"reducer\":\"mean\",\"refId\":\"B\",\"type\":\"reduce\"}",
                    "query_type": "",
                    "ref_id": "B",
                    "relative_time_range": [
                      {
                        "from": 0,
                        "to": 0
                      }
                    ]
                  },
                  {
                    "datasource_uid": "__expr__",
                    "model": "{\"expression\":\"$B \\u003c 20\",\"refId\":\"C\",\"type\":\"math\"}",
                    "query_type": "",
                    "ref_id": "C",
                    "relative_time_range": [
                      {
                        "from": 0,
                        "to": 0
                      }
                    ]
                  }
                ],
                "exec_err_state": "Alerting",
                "for": "5m0s",
                "is_paused": false,
                "labels": null,
                "name": "[llm]-[test]-[ec2]-[low]-[cpu]",
                "no_data_state": "NoData",
                "notification_settings": [],
                "record": [],
                "uid": "eegibomcchhq8f"
              },
              {
                "annotations": null,
                "condition": "C",
                "data": [
                  {
                    "datasource_uid": "aeghz0vps3if4b",
                    "model": "{\"expr\":\"(1 - avg by (instance) (rate(node_cpu_seconds_total{mode=\\\"idle\\\"}[5m]))) * 100\",\"refId\":\"A\"}",
                    "query_type": "",
                    "ref_id": "A",
                    "relative_time_range": [
                      {
                        "from": 600,
                        "to": 0
                      }
                    ]
                  },
                  {
                    "datasource_uid": "__expr__",
                    "model": "{\"expression\":\"A\",\"reducer\":\"mean\",\"refId\":\"B\",\"type\":\"reduce\"}",
                    "query_type": "",
                    "ref_id": "B",
                    "relative_time_range": [
                      {
                        "from": 0,
                        "to": 0
                      }
                    ]
                  },
                  {
                    "datasource_uid": "__expr__",
                    "model": "{\"expression\":\"$B \\u003e 80\",\"refId\":\"C\",\"type\":\"math\"}",
                    "query_type": "",
                    "ref_id": "C",
                    "relative_time_range": [
                      {
                        "from": 0,
                        "to": 0
                      }
                    ]
                  }
                ],
                "exec_err_state": "Alerting",
                "for": "5m0s",
                "is_paused": false,
                "labels": null,
                "name": "[llm]-[test]-[ec2]-[high]-[cpu]",
                "no_data_state": "NoData",
                "notification_settings": [],
                "record": [],
                "uid": "degibomcchhq9d"
              },
              {
                "annotations": null,
                "condition": "C",
                "data": [
                  {
                    "datasource_uid": "aeghz0vps3if4b",
                    "model": "{\"expr\":\"100 * (1 - (node_memory_MemAvailable_bytes / node_memory_MemTotal_bytes))\",\"refId\":\"A\"}",
                    "query_type": "",
                    "ref_id": "A",
                    "relative_time_range": [
                      {
                        "from": 600,
                        "to": 0
                      }
                    ]
                  },
                  {
                    "datasource_uid": "__expr__",
                    "model": "{\"expression\":\"A\",\"reducer\":\"mean\",\"refId\":\"B\",\"type\":\"reduce\"}",
                    "query_type": "",
                    "ref_id": "B",
                    "relative_time_range": [
                      {
                        "from": 0,
                        "to": 0
                      }
                    ]
                  },
                  {
                    "datasource_uid": "__expr__",
                    "model": "{\"expression\":\"$B \\u003c 30\",\"refId\":\"C\",\"type\":\"math\"}",
                    "query_type": "",
                    "ref_id": "C",
                    "relative_time_range": [
                      {
                        "from": 0,
                        "to": 0
                      }
                    ]
                  }
                ],
                "exec_err_state": "Alerting",
                "for": "5m0s",
                "is_paused": false,
                "labels": null,
                "name": "[llm]-[test]-[ec2]-[low]-[memory]",
                "no_data_state": "NoData",
                "notification_settings": [],
                "record": [],
                "uid": "fegibomcchhqac"
              },
              {
                "annotations": null,
                "condition": "C",
                "data": [
                  {
                    "datasource_uid": "aeghz0vps3if4b",
                    "model": "{\"expr\":\"100 * (1 - (node_memory_MemAvailable_bytes / node_memory_MemTotal_bytes))\",\"refId\":\"A\"}",
                    "query_type": "",
                    "ref_id": "A",
                    "relative_time_range": [
                      {
                        "from": 600,
                        "to": 0
                      }
                    ]
                  },
                  {
                    "datasource_uid": "__expr__",
                    "model": "{\"expression\":\"A\",\"reducer\":\"mean\",\"refId\":\"B\",\"type\":\"reduce\"}",
                    "query_type": "",
                    "ref_id": "B",
                    "relative_time_range": [
                      {
                        "from": 0,
                        "to": 0
                      }
                    ]
                  },
                  {
                    "datasource_uid": "__expr__",
                    "model": "{\"expression\":\"$B \\u003e 90\",\"refId\":\"C\",\"type\":\"math\"}",
                    "query_type": "",
                    "ref_id": "C",
                    "relative_time_range": [
                      {
                        "from": 0,
                        "to": 0
                      }
                    ]
                  }
                ],
                "exec_err_state": "Alerting",
                "for": "5m0s",
                "is_paused": false,
                "labels": null,
                "name": "[llm]-[test]-[ec2]-[high]-[memory]",
                "no_data_state": "NoData",
                "notification_settings": [],
                "record": [],
                "uid": "cegibomcchhqbd"
              },
              {
                "annotations": null,
                "condition": "C",
                "data": [
                  {
                    "datasource_uid": "aeghz0vps3if4b",
                    "model": "{\"expr\":\"100 * (1 - (node_filesystem_free_bytes{job=\\\"integrations/unix\\\", device=\\\"/dev/root\\\"} / node_filesystem_size_bytes{job=\\\"integrations/unix\\\", device=\\\"/dev/root\\\"}))\",\"refId\":\"A\"}",
                    "query_type": "",
                    "ref_id": "A",
                    "relative_time_range": [
                      {
                        "from": 600,
                        "to": 0
                      }
                    ]
                  },
                  {
                    "datasource_uid": "__expr__",
                    "model": "{\"expression\":\"A\",\"reducer\":\"mean\",\"refId\":\"B\",\"type\":\"reduce\"}",
                    "query_type": "",
                    "ref_id": "B",
                    "relative_time_range": [
                      {
                        "from": 0,
                        "to": 0
                      }
                    ]
                  },
                  {
                    "datasource_uid": "__expr__",
                    "model": "{\"expression\":\"$B \\u003c 20\",\"refId\":\"C\",\"type\":\"math\"}",
                    "query_type": "",
                    "ref_id": "C",
                    "relative_time_range": [
                      {
                        "from": 0,
                        "to": 0
                      }
                    ]
                  }
                ],
                "exec_err_state": "Alerting",
                "for": "5m0s",
                "is_paused": false,
                "labels": null,
                "name": "[llm]-[test]-[ec2]-[low]-[disk-space]",
                "no_data_state": "NoData",
                "notification_settings": [],
                "record": [],
                "uid": "degibomcchhqcd"
              },
              {
                "annotations": null,
                "condition": "C",
                "data": [
                  {
                    "datasource_uid": "aeghz0vps3if4b",
                    "model": "{\"expr\":\"100 * (1 - (node_filesystem_free_bytes{job=\\\"integrations/unix\\\", device=\\\"/dev/root\\\"} / node_filesystem_size_bytes{job=\\\"integrations/unix\\\", device=\\\"/dev/root\\\"}))\",\"refId\":\"A\"}",
                    "query_type": "",
                    "ref_id": "A",
                    "relative_time_range": [
                      {
                        "from": 600,
                        "to": 0
                      }
                    ]
                  },
                  {
                    "datasource_uid": "__expr__",
                    "model": "{\"expression\":\"A\",\"reducer\":\"mean\",\"refId\":\"B\",\"type\":\"reduce\"}",
                    "query_type": "",
                    "ref_id": "B",
                    "relative_time_range": [
                      {
                        "from": 0,
                        "to": 0
                      }
                    ]
                  },
                  {
                    "datasource_uid": "__expr__",
                    "model": "{\"expression\":\"$B \\u003e 90\",\"refId\":\"C\",\"type\":\"math\"}",
                    "query_type": "",
                    "ref_id": "C",
                    "relative_time_range": [
                      {
                        "from": 0,
                        "to": 0
                      }
                    ]
                  }
                ],
                "exec_err_state": "Alerting",
                "for": "5m0s",
                "is_paused": false,
                "labels": null,
                "name": "[llm]-[test]-[ec2]-[high]-[disk-space]",
                "no_data_state": "NoData",
                "notification_settings": [],
                "record": [],
                "uid": "aegibomceze2od"
              }
            ]
          },
          "sensitive_attributes": [],
          "private": "bnVsbA==",
          "dependencies": [
            "data.grafana_data_source.existing",
            "grafana_folder.alert_folder"
          ]
        }
      ]
    }
  ],
  "check_results": null
}
